{
  "name": "test-json",
  "version": "1.0.0",
  "lockfileVersion": 1,
  "requires": true,
  "dependencies": {
    "graceful-json": {
      "version": "file:../graceful-json-0.0.0.tgz",
      "integrity": "sha512-JkewZ9N30d1/qHgd4RNeg4y+MVrDTPMts45JkKaJMfG6ozhB7oMrp/DUN3pITGaJtQCVIMleuyb48KpjF7/gKg=="
    }
  }
}
